
Microsoft Visual Studio Solution File, Format Version 12.00
# Visual Studio Version 17
VisualStudioVersion = 17.0.31903.59
MinimumVisualStudioVersion = 10.0.40219.1
Project("{FAE04EC0-301F-11D3-BF4B-00C04F79EFBC}") = "API", "API\API.csproj", "{91EE9529-427C-4926-A166-C1DE8A066755}"
EndProject
Project("{FAE04EC0-301F-11D3-BF4B-00C04F79EFBC}") = "Application", "Application\Application.csproj", "{CB2335B4-8740-42F3-8E7F-5CCAE44B26A6}"
EndProject
Project("{FAE04EC0-301F-11D3-BF4B-00C04F79EFBC}") = "Domain", "Domain\Domain.csproj", "{704F1F57-C13C-4F0B-BF08-B5477FB05AC5}"
EndProject
Project("{FAE04EC0-301F-11D3-BF4B-00C04F79EFBC}") = "Persistence", "Persistence\Persistence.csproj", "{44B079D5-DEDF-4C5C-85AA-C5596F62F39F}"
EndProject
Global
	GlobalSection(SolutionConfigurationPlatforms) = preSolution
		Debug|Any CPU = Debug|Any CPU
		Release|Any CPU = Release|Any CPU
	EndGlobalSection
	GlobalSection(SolutionProperties) = preSolution
		HideSolutionNode = FALSE
	EndGlobalSection
	GlobalSection(ProjectConfigurationPlatforms) = postSolution
		{91EE9529-427C-4926-A166-C1DE8A066755}.Debug|Any CPU.ActiveCfg = Debug|Any CPU
		{91EE9529-427C-4926-A166-C1DE8A066755}.Debug|Any CPU.Build.0 = Debug|Any CPU
		{91EE9529-427C-4926-A166-C1DE8A066755}.Release|Any CPU.ActiveCfg = Release|Any CPU
		{91EE9529-427C-4926-A166-C1DE8A066755}.Release|Any CPU.Build.0 = Release|Any CPU
		{CB2335B4-8740-42F3-8E7F-5CCAE44B26A6}.Debug|Any CPU.ActiveCfg = Debug|Any CPU
		{CB2335B4-8740-42F3-8E7F-5CCAE44B26A6}.Debug|Any CPU.Build.0 = Debug|Any CPU
		{CB2335B4-8740-42F3-8E7F-5CCAE44B26A6}.Release|Any CPU.ActiveCfg = Release|Any CPU
		{CB2335B4-8740-42F3-8E7F-5CCAE44B26A6}.Release|Any CPU.Build.0 = Release|Any CPU
		{704F1F57-C13C-4F0B-BF08-B5477FB05AC5}.Debug|Any CPU.ActiveCfg = Debug|Any CPU
		{704F1F57-C13C-4F0B-BF08-B5477FB05AC5}.Debug|Any CPU.Build.0 = Debug|Any CPU
		{704F1F57-C13C-4F0B-BF08-B5477FB05AC5}.Release|Any CPU.ActiveCfg = Release|Any CPU
		{704F1F57-C13C-4F0B-BF08-B5477FB05AC5}.Release|Any CPU.Build.0 = Release|Any CPU
		{44B079D5-DEDF-4C5C-85AA-C5596F62F39F}.Debug|Any CPU.ActiveCfg = Debug|Any CPU
		{44B079D5-DEDF-4C5C-85AA-C5596F62F39F}.Debug|Any CPU.Build.0 = Debug|Any CPU
		{44B079D5-DEDF-4C5C-85AA-C5596F62F39F}.Release|Any CPU.ActiveCfg = Release|Any CPU
		{44B079D5-DEDF-4C5C-85AA-C5596F62F39F}.Release|Any CPU.Build.0 = Release|Any CPU
	EndGlobalSection
EndGlobal
